// !$*UTF8*$!
{
	archiveVersion = 1;
	classes = {
	};
	objectVersion = 56;
	objects = {

/* Begin PBXBuildFile section */
		6C49CC3729D2061800E13FD0 /* AppDelegate.swift in Sources */ = {isa = PBXBuildFile; fileRef = 6C49CC3629D2061800E13FD0 /* AppDelegate.swift */; };
		6C49CC3929D2061800E13FD0 /* SceneDelegate.swift in Sources */ = {isa = PBXBuildFile; fileRef = 6C49CC3829D2061800E13FD0 /* SceneDelegate.swift */; };
		6C49CC3B29D2061800E13FD0 /* BasicsViewController.swift in Sources */ = {isa = PBXBuildFile; fileRef = 6C49CC3A29D2061800E13FD0 /* BasicsViewController.swift */; };
		6C49CC3E29D2061800E13FD0 /* Main.storyboard in Resources */ = {isa = PBXBuildFile; fileRef = 6C49CC3C29D2061800E13FD0 /* Main.storyboard */; };
		6C49CC4029D2061A00E13FD0 /* Assets.xcassets in Resources */ = {isa = PBXBuildFile; fileRef = 6C49CC3F29D2061A00E13FD0 /* Assets.xcassets */; };
		6C49CC4329D2061A00E13FD0 /* LaunchScreen.storyboard in Resources */ = {isa = PBXBuildFile; fileRef = 6C49CC4129D2061A00E13FD0 /* LaunchScreen.storyboard */; };
		6C568B5B29D361F400A9A7DF /* PostListTableViewController.swift in Sources */ = {isa = PBXBuildFile; fileRef = 6C568B5A29D361F400A9A7DF /* PostListTableViewController.swift */; };
		6C568B5D29D3625800A9A7DF /* Webservice.swift in Sources */ = {isa = PBXBuildFile; fileRef = 6C568B5C29D3625700A9A7DF /* Webservice.swift */; };
		6C568B5F29D3631C00A9A7DF /* Post.swift in Sources */ = {isa = PBXBuildFile; fileRef = 6C568B5E29D3631C00A9A7DF /* Post.swift */; };
		6C568B6229D36CD000A9A7DF /* WeatherDataModel.swift in Sources */ = {isa = PBXBuildFile; fileRef = 6C568B6129D36CD000A9A7DF /* WeatherDataModel.swift */; };
		6C568B6529D3702700A9A7DF /* WeatherWebservice.swift in Sources */ = {isa = PBXBuildFile; fileRef = 6C568B6429D3702700A9A7DF /* WeatherWebservice.swift */; };
		6C568B6829D3703300A9A7DF /* Constants.swift in Sources */ = {isa = PBXBuildFile; fileRef = 6C568B6729D3703300A9A7DF /* Constants.swift */; };
		6C568B6A29D3719E00A9A7DF /* WeatherViewController.swift in Sources */ = {isa = PBXBuildFile; fileRef = 6C568B6929D3719E00A9A7DF /* WeatherViewController.swift */; };
/* End PBXBuildFile section */

/* Begin PBXFileReference section */
		6C49CC3329D2061800E13FD0 /* CombineBootcamp.app */ = {isa = PBXFileReference; explicitFileType = wrapper.application; includeInIndex = 0; path = CombineBootcamp.app; sourceTree = BUILT_PRODUCTS_DIR; };
		6C49CC3629D2061800E13FD0 /* AppDelegate.swift */ = {isa = PBXFileReference; lastKnownFileType = sourcecode.swift; path = AppDelegate.swift; sourceTree = "<group>"; };
		6C49CC3829D2061800E13FD0 /* SceneDelegate.swift */ = {isa = PBXFileReference; lastKnownFileType = sourcecode.swift; path = SceneDelegate.swift; sourceTree = "<group>"; };
		6C49CC3A29D2061800E13FD0 /* BasicsViewController.swift */ = {isa = PBXFileReference; lastKnownFileType = sourcecode.swift; path = BasicsViewController.swift; sourceTree = "<group>"; };
		6C49CC3D29D2061800E13FD0 /* Base */ = {isa = PBXFileReference; lastKnownFileType = file.storyboard; name = Base; path = Base.lproj/Main.storyboard; sourceTree = "<group>"; };
		6C49CC3F29D2061A00E13FD0 /* Assets.xcassets */ = {isa = PBXFileReference; lastKnownFileType = folder.assetcatalog; path = Assets.xcassets; sourceTree = "<group>"; };
		6C49CC4229D2061A00E13FD0 /* Base */ = {isa = PBXFileReference; lastKnownFileType = file.storyboard; name = Base; path = Base.lproj/LaunchScreen.storyboard; sourceTree = "<group>"; };
		6C49CC4429D2061A00E13FD0 /* Info.plist */ = {isa = PBXFileReference; lastKnownFileType = text.plist.xml; path = Info.plist; sourceTree = "<group>"; };
		6C568B5A29D361F400A9A7DF /* PostListTableViewController.swift */ = {isa = PBXFileReference; lastKnownFileType = sourcecode.swift; path = PostListTableViewController.swift; sourceTree = "<group>"; };
		6C568B5C29D3625700A9A7DF /* Webservice.swift */ = {isa = PBXFileReference; lastKnownFileType = sourcecode.swift; path = Webservice.swift; sourceTree = "<group>"; };
		6C568B5E29D3631C00A9A7DF /* Post.swift */ = {isa = PBXFileReference; lastKnownFileType = sourcecode.swift; path = Post.swift; sourceTree = "<group>"; };
		6C568B6129D36CD000A9A7DF /* WeatherDataModel.swift */ = {isa = PBXFileReference; lastKnownFileType = sourcecode.swift; path = WeatherDataModel.swift; sourceTree = "<group>"; };
		6C568B6429D3702700A9A7DF /* WeatherWebservice.swift */ = {isa = PBXFileReference; lastKnownFileType = sourcecode.swift; path = WeatherWebservice.swift; sourceTree = "<group>"; };
		6C568B6729D3703300A9A7DF /* Constants.swift */ = {isa = PBXFileReference; lastKnownFileType = sourcecode.swift; path = Constants.swift; sourceTree = "<group>"; };
		6C568B6929D3719E00A9A7DF /* WeatherViewController.swift */ = {isa = PBXFileReference; lastKnownFileType = sourcecode.swift; path = WeatherViewController.swift; sourceTree = "<group>"; };
/* End PBXFileReference section */

/* Begin PBXFrameworksBuildPhase section */
		6C49CC3029D2061800E13FD0 /* Frameworks */ = {
			isa = PBXFrameworksBuildPhase;
			buildActionMask = 2147483647;
			files = (
			);
			runOnlyForDeploymentPostprocessing = 0;
		};
/* End PBXFrameworksBuildPhase section */

/* Begin PBXGroup section */
		6C49CC2A29D2061800E13FD0 = {
			isa = PBXGroup;
			children = (
				6C49CC3529D2061800E13FD0 /* CombineBootcamp */,
				6C49CC3429D2061800E13FD0 /* Products */,
			);
			sourceTree = "<group>";
		};
		6C49CC3429D2061800E13FD0 /* Products */ = {
			isa = PBXGroup;
			children = (
				6C49CC3329D2061800E13FD0 /* CombineBootcamp.app */,
			);
			name = Products;
			sourceTree = "<group>";
		};
		6C49CC3529D2061800E13FD0 /* CombineBootcamp */ = {
			isa = PBXGroup;
			children = (
				6C568B6629D3702C00A9A7DF /* Utils */,
				6C568B6329D3701200A9A7DF /* Services */,
				6C568B6029D36CC100A9A7DF /* Model */,
				6C49CC3629D2061800E13FD0 /* AppDelegate.swift */,
				6C49CC3829D2061800E13FD0 /* SceneDelegate.swift */,
				6C49CC3A29D2061800E13FD0 /* BasicsViewController.swift */,
				6C49CC3C29D2061800E13FD0 /* Main.storyboard */,
				6C49CC3F29D2061A00E13FD0 /* Assets.xcassets */,
				6C49CC4129D2061A00E13FD0 /* LaunchScreen.storyboard */,
				6C49CC4429D2061A00E13FD0 /* Info.plist */,
				6C568B5A29D361F400A9A7DF /* PostListTableViewController.swift */,
				6C568B5C29D3625700A9A7DF /* Webservice.swift */,
				6C568B5E29D3631C00A9A7DF /* Post.swift */,
				6C568B6929D3719E00A9A7DF /* WeatherViewController.swift */,
			);
			path = CombineBootcamp;
			sourceTree = "<group>";
		};
		6C568B6029D36CC100A9A7DF /* Model */ = {
			isa = PBXGroup;
			children = (
				6C568B6129D36CD000A9A7DF /* WeatherDataModel.swift */,
			);
			path = Model;
			sourceTree = "<group>";
		};
		6C568B6329D3701200A9A7DF /* Services */ = {
			isa = PBXGroup;
			children = (
				6C568B6429D3702700A9A7DF /* WeatherWebservice.swift */,
			);
			path = Services;
			sourceTree = "<group>";
		};
		6C568B6629D3702C00A9A7DF /* Utils */ = {
			isa = PBXGroup;
			children = (
				6C568B6729D3703300A9A7DF /* Constants.swift */,
			);
			path = Utils;
			sourceTree = "<group>";
		};
/* End PBXGroup section */

/* Begin PBXNativeTarget section */
		6C49CC3229D2061800E13FD0 /* CombineBootcamp */ = {
			isa = PBXNativeTarget;
			buildConfigurationList = 6C49CC4729D2061A00E13FD0 /* Build configuration list for PBXNativeTarget "CombineBootcamp" */;
			buildPhases = (
				6C49CC2F29D2061800E13FD0 /* Sources */,
				6C49CC3029D2061800E13FD0 /* Frameworks */,
				6C49CC3129D2061800E13FD0 /* Resources */,
			);
			buildRules = (
			);
			dependencies = (
			);
			name = CombineBootcamp;
			productName = CombineBootcamp;
			productReference = 6C49CC3329D2061800E13FD0 /* CombineBootcamp.app */;
			productType = "com.apple.product-type.application";
		};
/* End PBXNativeTarget section */

/* Begin PBXProject section */
		6C49CC2B29D2061800E13FD0 /* Project object */ = {
			isa = PBXProject;
			attributes = {
				BuildIndependentTargetsInParallel = 1;
				LastSwiftUpdateCheck = 1420;
				LastUpgradeCheck = 1420;
				TargetAttributes = {
					6C49CC3229D2061800E13FD0 = {
						CreatedOnToolsVersion = 14.2;
					};
				};
			};
			buildConfigurationList = 6C49CC2E29D2061800E13FD0 /* Build configuration list for PBXProject "CombineBootcamp" */;
			compatibilityVersion = "Xcode 14.0";
			developmentRegion = en;
			hasScannedForEncodings = 0;
			knownRegions = (
				en,
				Base,
			);
			mainGroup = 6C49CC2A29D2061800E13FD0;
			productRefGroup = 6C49CC3429D2061800E13FD0 /* Products */;
			projectDirPath = "";
			projectRoot = "";
			targets = (
				6C49CC3229D2061800E13FD0 /* CombineBootcamp */,
			);
		};
/* End PBXProject section */

/* Begin PBXResourcesBuildPhase section */
		6C49CC3129D2061800E13FD0 /* Resources */ = {
			isa = PBXResourcesBuildPhase;
			buildActionMask = 2147483647;
			files = (
				6C49CC4329D2061A00E13FD0 /* LaunchScreen.storyboard in Resources */,
				6C49CC4029D2061A00E13FD0 /* Assets.xcassets in Resources */,
				6C49CC3E29D2061800E13FD0 /* Main.storyboard in Resources */,
			);
			runOnlyForDeploymentPostprocessing = 0;
		};
/* End PBXResourcesBuildPhase section */

/* Begin PBXSourcesBuildPhase section */
		6C49CC2F29D2061800E13FD0 /* Sources */ = {
			isa = PBXSourcesBuildPhase;
			buildActionMask = 2147483647;
			files = (
				6C49CC3B29D2061800E13FD0 /* BasicsViewController.swift in Sources */,
				6C568B6A29D3719E00A9A7DF /* WeatherViewController.swift in Sources */,
				6C568B6529D3702700A9A7DF /* WeatherWebservice.swift in Sources */,
				6C49CC3729D2061800E13FD0 /* AppDelegate.swift in Sources */,
				6C568B6229D36CD000A9A7DF /* WeatherDataModel.swift in Sources */,
				6C49CC3929D2061800E13FD0 /* SceneDelegate.swift in Sources */,
				6C568B5F29D3631C00A9A7DF /* Post.swift in Sources */,
				6C568B5D29D3625800A9A7DF /* Webservice.swift in Sources */,
				6C568B5B29D361F400A9A7DF /* PostListTableViewController.swift in Sources */,
				6C568B6829D3703300A9A7DF /* Constants.swift in Sources */,
			);
			runOnlyForDeploymentPostprocessing = 0;
		};
/* End PBXSourcesBuildPhase section */

/* Begin PBXVariantGroup section */
		6C49CC3C29D2061800E13FD0 /* Main.storyboard */ = {
			isa = PBXVariantGroup;
			children = (
				6C49CC3D29D2061800E13FD0 /* Base */,
			);
			name = Main.storyboard;
			sourceTree = "<group>";
		};
		6C49CC4129D2061A00E13FD0 /* LaunchScreen.storyboard */ = {
			isa = PBXVariantGroup;
			children = (
				6C49CC4229D2061A00E13FD0 /* Base */,
			);
			name = LaunchScreen.storyboard;
			sourceTree = "<group>";
		};
/* End PBXVariantGroup section */

/* Begin XCBuildConfiguration section */
		6C49CC4529D2061A00E13FD0 /* Debug */ = {
			isa = XCBuildConfiguration;
			buildSettings = {
				ALWAYS_SEARCH_USER_PATHS = NO;
				CLANG_ANALYZER_NONNULL = YES;
				CLANG_ANALYZER_NUMBER_OBJECT_CONVERSION = YES_AGGRESSIVE;
				CLANG_CXX_LANGUAGE_STANDARD = "gnu++20";
				CLANG_ENABLE_MODULES = YES;
				CLANG_ENABLE_OBJC_ARC = YES;
				CLANG_ENABLE_OBJC_WEAK = YES;
				CLANG_WARN_BLOCK_CAPTURE_AUTORELEASING = YES;
				CLANG_WARN_BOOL_CONVERSION = YES;
				CLANG_WARN_COMMA = YES;
				CLANG_WARN_CONSTANT_CONVERSION = YES;
				CLANG_WARN_DEPRECATED_OBJC_IMPLEMENTATIONS = YES;
				CLANG_WARN_DIRECT_OBJC_ISA_USAGE = YES_ERROR;
				CLANG_WARN_DOCUMENTATION_COMMENTS = YES;
				CLANG_WARN_EMPTY_BODY = YES;
				CLANG_WARN_ENUM_CONVERSION = YES;
				CLANG_WARN_INFINITE_RECURSION = YES;
				CLANG_WARN_INT_CONVERSION = YES;
				CLANG_WARN_NON_LITERAL_NULL_CONVERSION = YES;
				CLANG_WARN_OBJC_IMPLICIT_RETAIN_SELF = YES;
				CLANG_WARN_OBJC_LITERAL_CONVERSION = YES;
				CLANG_WARN_OBJC_ROOT_CLASS = YES_ERROR;
				CLANG_WARN_QUOTED_INCLUDE_IN_FRAMEWORK_HEADER = YES;
				CLANG_WARN_RANGE_LOOP_ANALYSIS = YES;
				CLANG_WARN_STRICT_PROTOTYPES = YES;
				CLANG_WARN_SUSPICIOUS_MOVE = YES;
				CLANG_WARN_UNGUARDED_AVAILABILITY = YES_AGGRESSIVE;
				CLANG_WARN_UNREACHABLE_CODE = YES;
				CLANG_WARN__DUPLICATE_METHOD_MATCH = YES;
				COPY_PHASE_STRIP = NO;
				DEBUG_INFORMATION_FORMAT = dwarf;
				ENABLE_STRICT_OBJC_MSGSEND = YES;
				ENABLE_TESTABILITY = YES;
				GCC_C_LANGUAGE_STANDARD = gnu11;
				GCC_DYNAMIC_NO_PIC = NO;
				GCC_NO_COMMON_BLOCKS = YES;
				GCC_OPTIMIZATION_LEVEL = 0;
				GCC_PREPROCESSOR_DEFINITIONS = (
					"DEBUG=1",
					"$(inherited)",
				);
				GCC_WARN_64_TO_32_BIT_CONVERSION = YES;
				GCC_WARN_ABOUT_RETURN_TYPE = YES_ERROR;
				GCC_WARN_UNDECLARED_SELECTOR = YES;
				GCC_WARN_UNINITIALIZED_AUTOS = YES_AGGRESSIVE;
				GCC_WARN_UNUSED_FUNCTION = YES;
				GCC_WARN_UNUSED_VARIABLE = YES;
				IPHONEOS_DEPLOYMENT_TARGET = 16.2;
				MTL_ENABLE_DEBUG_INFO = INCLUDE_SOURCE;
				MTL_FAST_MATH = YES;
				ONLY_ACTIVE_ARCH = YES;
				SDKROOT = iphoneos;
				SWIFT_ACTIVE_COMPILATION_CONDITIONS = DEBUG;
				SWIFT_OPTIMIZATION_LEVEL = "-Onone";
			};
			name = Debug;
		};
		6C49CC4629D2061A00E13FD0 /* Release */ = {
			isa = XCBuildConfiguration;
			buildSettings = {
				ALWAYS_SEARCH_USER_PATHS = NO;
				CLANG_ANALYZER_NONNULL = YES;
				CLANG_ANALYZER_NUMBER_OBJECT_CONVERSION = YES_AGGRESSIVE;
				CLANG_CXX_LANGUAGE_STANDARD = "gnu++20";
				CLANG_ENABLE_MODULES = YES;
				CLANG_ENABLE_OBJC_ARC = YES;
				CLANG_ENABLE_OBJC_WEAK = YES;
				CLANG_WARN_BLOCK_CAPTURE_AUTORELEASING = YES;
				CLANG_WARN_BOOL_CONVERSION = YES;
				CLANG_WARN_COMMA = YES;
				CLANG_WARN_CONSTANT_CONVERSION = YES;
				CLANG_WARN_DEPRECATED_OBJC_IMPLEMENTATIONS = YES;
				CLANG_WARN_DIRECT_OBJC_ISA_USAGE = YES_ERROR;
				CLANG_WARN_DOCUMENTATION_COMMENTS = YES;
				CLANG_WARN_EMPTY_BODY = YES;
				CLANG_WARN_ENUM_CONVERSION = YES;
				CLANG_WARN_INFINITE_RECURSION = YES;
				CLANG_WARN_INT_CONVERSION = YES;
				CLANG_WARN_NON_LITERAL_NULL_CONVERSION = YES;
				CLANG_WARN_OBJC_IMPLICIT_RETAIN_SELF = YES;
				CLANG_WARN_OBJC_LITERAL_CONVERSION = YES;
				CLANG_WARN_OBJC_ROOT_CLASS = YES_ERROR;
				CLANG_WARN_QUOTED_INCLUDE_IN_FRAMEWORK_HEADER = YES;
				CLANG_WARN_RANGE_LOOP_ANALYSIS = YES;
				CLANG_WARN_STRICT_PROTOTYPES = YES;
				CLANG_WARN_SUSPICIOUS_MOVE = YES;
				CLANG_WARN_UNGUARDED_AVAILABILITY = YES_AGGRESSIVE;
				CLANG_WARN_UNREACHABLE_CODE = YES;
				CLANG_WARN__DUPLICATE_METHOD_MATCH = YES;
				COPY_PHASE_STRIP = NO;
				DEBUG_INFORMATION_FORMAT = "dwarf-with-dsym";
				ENABLE_NS_ASSERTIONS = NO;
				ENABLE_STRICT_OBJC_MSGSEND = YES;
				GCC_C_LANGUAGE_STANDARD = gnu11;
				GCC_NO_COMMON_BLOCKS = YES;
				GCC_WARN_64_TO_32_BIT_CONVERSION = YES;
				GCC_WARN_ABOUT_RETURN_TYPE = YES_ERROR;
				GCC_WARN_UNDECLARED_SELECTOR = YES;
				GCC_WARN_UNINITIALIZED_AUTOS = YES_AGGRESSIVE;
				GCC_WARN_UNUSED_FUNCTION = YES;
				GCC_WARN_UNUSED_VARIABLE = YES;
				IPHONEOS_DEPLOYMENT_TARGET = 16.2;
				MTL_ENABLE_DEBUG_INFO = NO;
				MTL_FAST_MATH = YES;
				SDKROOT = iphoneos;
				SWIFT_COMPILATION_MODE = wholemodule;
				SWIFT_OPTIMIZATION_LEVEL = "-O";
				VALIDATE_PRODUCT = YES;
			};
			name = Release;
		};
		6C49CC4829D2061A00E13FD0 /* Debug */ = {
			isa = XCBuildConfiguration;
			buildSettings = {
				ASSETCATALOG_COMPILER_APPICON_NAME = AppIcon;
				ASSETCATALOG_COMPILER_GLOBAL_ACCENT_COLOR_NAME = AccentColor;
				CODE_SIGN_STYLE = Automatic;
				CURRENT_PROJECT_VERSION = 1;
				DEVELOPMENT_TEAM = V5U53J8M62;
				GENERATE_INFOPLIST_FILE = YES;
				INFOPLIST_FILE = CombineBootcamp/Info.plist;
				INFOPLIST_KEY_UIApplicationSupportsIndirectInputEvents = YES;
				INFOPLIST_KEY_UILaunchStoryboardName = LaunchScreen;
				INFOPLIST_KEY_UIMainStoryboardFile = Main;
				INFOPLIST_KEY_UISupportedInterfaceOrientations_iPad = "UIInterfaceOrientationPortrait UIInterfaceOrientationPortraitUpsideDown UIInterfaceOrientationLandscapeLeft UIInterfaceOrientationLandscapeRight";
				INFOPLIST_KEY_UISupportedInterfaceOrientations_iPhone = "UIInterfaceOrientationPortrait UIInterfaceOrientationLandscapeLeft UIInterfaceOrientationLandscapeRight";
				LD_RUNPATH_SEARCH_PATHS = (
					"$(inherited)",
					"@executable_path/Frameworks",
				);
				MARKETING_VERSION = 1.0;
				PRODUCT_BUNDLE_IDENTIFIER = com.rotadevsolutions.CombineBootcamp;
				PRODUCT_NAME = "$(TARGET_NAME)";
				SWIFT_EMIT_LOC_STRINGS = YES;
				SWIFT_VERSION = 5.0;
				TARGETED_DEVICE_FAMILY = "1,2";
			};
			name = Debug;
		};
		6C49CC4929D2061A00E13FD0 /* Release */ = {
			isa = XCBuildConfiguration;
			buildSettings = {
				ASSETCATALOG_COMPILER_APPICON_NAME = AppIcon;
				ASSETCATALOG_COMPILER_GLOBAL_ACCENT_COLOR_NAME = AccentColor;
				CODE_SIGN_STYLE = Automatic;
				CURRENT_PROJECT_VERSION = 1;
				DEVELOPMENT_TEAM = V5U53J8M62;
				GENERATE_INFOPLIST_FILE = YES;
				INFOPLIST_FILE = CombineBootcamp/Info.plist;
				INFOPLIST_KEY_UIApplicationSupportsIndirectInputEvents = YES;
				INFOPLIST_KEY_UILaunchStoryboardName = LaunchScreen;
				INFOPLIST_KEY_UIMainStoryboardFile = Main;
				INFOPLIST_KEY_UISupportedInterfaceOrientations_iPad = "UIInterfaceOrientationPortrait UIInterfaceOrientationPortraitUpsideDown UIInterfaceOrientationLandscapeLeft UIInterfaceOrientationLandscapeRight";
				INFOPLIST_KEY_UISupportedInterfaceOrientations_iPhone = "UIInterfaceOrientationPortrait UIInterfaceOrientationLandscapeLeft UIInterfaceOrientationLandscapeRight";
				LD_RUNPATH_SEARCH_PATHS = (
					"$(inherited)",
					"@executable_path/Frameworks",
				);
				MARKETING_VERSION = 1.0;
				PRODUCT_BUNDLE_IDENTIFIER = com.rotadevsolutions.CombineBootcamp;
				PRODUCT_NAME = "$(TARGET_NAME)";
				SWIFT_EMIT_LOC_STRINGS = YES;
				SWIFT_VERSION = 5.0;
				TARGETED_DEVICE_FAMILY = "1,2";
			};
			name = Release;
		};
/* End XCBuildConfiguration section */

/* Begin XCConfigurationList section */
		6C49CC2E29D2061800E13FD0 /* Build configuration list for PBXProject "CombineBootcamp" */ = {
			isa = XCConfigurationList;
			buildConfigurations = (
				6C49CC4529D2061A00E13FD0 /* Debug */,
				6C49CC4629D2061A00E13FD0 /* Release */,
			);
			defaultConfigurationIsVisible = 0;
			defaultConfigurationName = Release;
		};
		6C49CC4729D2061A00E13FD0 /* Build configuration list for PBXNativeTarget "CombineBootcamp" */ = {
			isa = XCConfigurationList;
			buildConfigurations = (
				6C49CC4829D2061A00E13FD0 /* Debug */,
				6C49CC4929D2061A00E13FD0 /* Release */,
			);
			defaultConfigurationIsVisible = 0;
			defaultConfigurationName = Release;
		};
/* End XCConfigurationList section */
	};
	rootObject = 6C49CC2B29D2061800E13FD0 /* Project object */;
}
